{
  "nodes": {
    "firacode": {
      "inputs": {
        "firacode": "firacode_2",
        "mach-nix": "mach-nix",
        "nixpkgs": [
          "nixpkgs"
        ],
        "pypi": "pypi",
        "sfnt2woff-zopfli-src": "sfnt2woff-zopfli-src"
      },
      "locked": {
        "dir": "nix-flakes/firacode",
        "lastModified": 1715694941,
        "narHash": "sha256-Hp9jSxk7QrWXTxvcjLhVPxVOUMB1f21Z3W5ZGq5yF0o=",
        "owner": "achuie",
        "repo": "dotfiles",
        "rev": "b0fbe2480c09f3a6d296b670c3995b187255af75",
        "type": "github"
      },
      "original": {
        "dir": "nix-flakes/firacode",
        "owner": "achuie",
        "repo": "dotfiles",
        "type": "github"
      }
    },
    "firacode_2": {
      "flake": false,
      "locked": {
        "lastModified": 1678962867,
        "narHash": "sha256-XjM8FXRtNqf6gcmFeOQHmhuG9gUsXC7TNCJqJVTswS8=",
        "owner": "tonsky",
        "repo": "firacode",
        "rev": "20f11a21e0b7284e0cb40c594d2fa6091d775256",
        "type": "github"
      },
      "original": {
        "owner": "tonsky",
        "repo": "firacode",
        "rev": "20f11a21e0b7284e0cb40c594d2fa6091d775256",
        "type": "github"
      }
    },
    "flake-utils": {
      "locked": {
        "lastModified": 1642700792,
        "narHash": "sha256-XqHrk7hFb+zBvRg6Ghl+AZDq03ov6OshJLiSWOoX5es=",
        "owner": "numtide",
        "repo": "flake-utils",
        "rev": "846b2ae0fc4cc943637d3d1def4454213e203cba",
        "type": "github"
      },
      "original": {
        "owner": "numtide",
        "repo": "flake-utils",
        "type": "github"
      }
    },
    "home-manager": {
      "inputs": {
        "nixpkgs": [
          "nixpkgs"
        ]
      },
      "locked": {
        "lastModified": 1715930644,
        "narHash": "sha256-W9pyM3/vePxrffHtzlJI6lDS3seANQ+Nqp+i58O46LI=",
        "owner": "nix-community",
        "repo": "home-manager",
        "rev": "e3ad5108f54177e6520535768ddbf1e6af54b59d",
        "type": "github"
      },
      "original": {
        "owner": "nix-community",
        "repo": "home-manager",
        "type": "github"
      }
    },
    "iosevka": {
      "inputs": {
        "nixpkgs": [
          "nixpkgs"
        ]
      },
      "locked": {
        "dir": "nix-flakes/iosevka",
        "lastModified": 1715694941,
        "narHash": "sha256-Hp9jSxk7QrWXTxvcjLhVPxVOUMB1f21Z3W5ZGq5yF0o=",
        "owner": "achuie",
        "repo": "dotfiles",
        "rev": "b0fbe2480c09f3a6d296b670c3995b187255af75",
        "type": "github"
      },
      "original": {
        "dir": "nix-flakes/iosevka",
        "owner": "achuie",
        "repo": "dotfiles",
        "type": "github"
      }
    },
    "mach-nix": {
      "inputs": {
        "flake-utils": "flake-utils",
        "nixpkgs": "nixpkgs",
        "pypi-deps-db": [
          "firacode",
          "pypi"
        ]
      },
      "locked": {
        "lastModified": 1694857725,
        "narHash": "sha256-Ob4gMVo5uiSRhdDAD6k85jy5ys7dbc/KC4DPdSZm9Rc=",
        "owner": "davhau",
        "repo": "mach-nix",
        "rev": "0fb2c80ad2a74261315939849e1e8bf4278b7178",
        "type": "github"
      },
      "original": {
        "owner": "davhau",
        "repo": "mach-nix",
        "type": "github"
      }
    },
    "nixos-hardware": {
      "locked": {
        "lastModified": 1717574423,
        "narHash": "sha256-cz3P5MZffAHwL2IQaNzsqUBsJS+u0J/AAwArHMAcCa0=",
        "owner": "nixos",
        "repo": "nixos-hardware",
        "rev": "d6c6cf6f5fead4057d8fb2d5f30aa8ac1727f177",
        "type": "github"
      },
      "original": {
        "owner": "nixos",
        "ref": "master",
        "repo": "nixos-hardware",
        "type": "github"
      }
    },
    "nixpkgs": {
      "locked": {
        "lastModified": 1643805626,
        "narHash": "sha256-AXLDVMG+UaAGsGSpOtQHPIKB+IZ0KSd9WS77aanGzgc=",
        "owner": "NixOS",
        "repo": "nixpkgs",
        "rev": "554d2d8aa25b6e583575459c297ec23750adb6cb",
        "type": "github"
      },
      "original": {
        "id": "nixpkgs",
        "ref": "nixos-unstable",
        "type": "indirect"
      }
    },
    "nixpkgs-stable": {
      "locked": {
        "lastModified": 1724727824,
        "narHash": "sha256-0XH9MJk54imJm+RHOLTUJ7e+ponLW00tw5ke4MTVa1Y=",
        "owner": "nixos",
        "repo": "nixpkgs",
        "rev": "36bae45077667aff5720e5b3f1a5458f51cf0776",
        "type": "github"
      },
      "original": {
        "owner": "nixos",
        "ref": "nixos-24.05",
        "repo": "nixpkgs",
        "type": "github"
      }
    },
    "nixpkgs_2": {
      "locked": {
        "lastModified": 1715787315,
        "narHash": "sha256-cYApT0NXJfqBkKcci7D9Kr4CBYZKOQKDYA23q8XNuWg=",
        "owner": "nixos",
        "repo": "nixpkgs",
        "rev": "33d1e753c82ffc557b4a585c77de43d4c922ebb5",
        "type": "github"
      },
      "original": {
        "owner": "nixos",
        "ref": "nixos-unstable",
        "repo": "nixpkgs",
        "type": "github"
      }
    },
    "pypi": {
      "flake": false,
      "locked": {
        "lastModified": 1694121156,
        "narHash": "sha256-Jr9rQJGORtTLUw83HaxRkyqJ9fyw8yLGvxcBkUVAE/Y=",
        "owner": "davhau",
        "repo": "pypi-deps-db",
        "rev": "570d3543eb53dad7d1eb0bb88ecbcf450bc69847",
        "type": "github"
      },
      "original": {
        "owner": "davhau",
        "repo": "pypi-deps-db",
        "type": "github"
      }
    },
    "root": {
      "inputs": {
        "firacode": "firacode",
        "home-manager": "home-manager",
        "iosevka": "iosevka",
        "nixos-hardware": "nixos-hardware",
        "nixpkgs": "nixpkgs_2",
        "nixpkgs-stable": "nixpkgs-stable"
      }
    },
    "sfnt2woff-zopfli-src": {
      "flake": false,
      "locked": {
        "lastModified": 1664356453,
        "narHash": "sha256-pi/rBf+pGNHoKxUqvIe0FsA7rZphTFl7c6uTZErkYcM=",
        "owner": "bramstein",
        "repo": "sfnt2woff-zopfli",
        "rev": "38adf26481a1db2a5b2afa185b92d938744466c2",
        "type": "github"
      },
      "original": {
        "owner": "bramstein",
        "repo": "sfnt2woff-zopfli",
        "type": "github"
      }
    }
  },
  "root": "root",
  "version": 7
}
