{
  "nodes": {
    "firacode": {
      "inputs": {
        "firacode": "firacode_2",
        "mach-nix": "mach-nix",
        "nixpkgs": [
          "nixpkgs"
        ],
        "pypi": "pypi",
        "sfnt2woff-zopfli-src": "sfnt2woff-zopfli-src"
      },
      "locked": {
        "dir": "nix-flakes/firacode",
        "lastModified": 1715694941,
        "narHash": "sha256-Hp9jSxk7QrWXTxvcjLhVPxVOUMB1f21Z3W5ZGq5yF0o=",
        "owner": "achuie",
        "repo": "dotfiles",
        "rev": "b0fbe2480c09f3a6d296b670c3995b187255af75",
        "type": "github"
      },
      "original": {
        "dir": "nix-flakes/firacode",
        "owner": "achuie",
        "repo": "dotfiles",
        "type": "github"
      }
    },
    "firacode_2": {
      "flake": false,
      "locked": {
        "lastModified": 1678962867,
        "narHash": "sha256-XjM8FXRtNqf6gcmFeOQHmhuG9gUsXC7TNCJqJVTswS8=",
        "owner": "tonsky",
        "repo": "firacode",
        "rev": "20f11a21e0b7284e0cb40c594d2fa6091d775256",
        "type": "github"
      },
      "original": {
        "owner": "tonsky",
        "repo": "firacode",
        "rev": "20f11a21e0b7284e0cb40c594d2fa6091d775256",
        "type": "github"
      }
    },
    "flake-utils": {
      "locked": {
        "lastModified": 1642700792,
        "narHash": "sha256-XqHrk7hFb+zBvRg6Ghl+AZDq03ov6OshJLiSWOoX5es=",
        "owner": "numtide",
        "repo": "flake-utils",
        "rev": "846b2ae0fc4cc943637d3d1def4454213e203cba",
        "type": "github"
      },
      "original": {
        "owner": "numtide",
        "repo": "flake-utils",
        "type": "github"
      }
    },
    "home-manager": {
      "inputs": {
        "nixpkgs": [
          "nixpkgs"
        ]
      },
      "locked": {
        "lastModified": 1715486357,
        "narHash": "sha256-4pRuzsHZOW5W4CsXI9uhKtiJeQSUoe1d2M9mWU98HC4=",
        "owner": "nix-community",
        "repo": "home-manager",
        "rev": "44677a1c96810a8e8c4ffaeaad10c842402647c1",
        "type": "github"
      },
      "original": {
        "owner": "nix-community",
        "repo": "home-manager",
        "type": "github"
      }
    },
    "iosevka": {
      "inputs": {
        "nixpkgs": [
          "nixpkgs"
        ]
      },
      "locked": {
        "dir": "nix-flakes/iosevka",
        "lastModified": 1715694941,
        "narHash": "sha256-Hp9jSxk7QrWXTxvcjLhVPxVOUMB1f21Z3W5ZGq5yF0o=",
        "owner": "achuie",
        "repo": "dotfiles",
        "rev": "b0fbe2480c09f3a6d296b670c3995b187255af75",
        "type": "github"
      },
      "original": {
        "dir": "nix-flakes/iosevka",
        "owner": "achuie",
        "repo": "dotfiles",
        "type": "github"
      }
    },
    "mach-nix": {
      "inputs": {
        "flake-utils": "flake-utils",
        "nixpkgs": "nixpkgs",
        "pypi-deps-db": [
          "firacode",
          "pypi"
        ]
      },
      "locked": {
        "lastModified": 1694857725,
        "narHash": "sha256-Ob4gMVo5uiSRhdDAD6k85jy5ys7dbc/KC4DPdSZm9Rc=",
        "owner": "davhau",
        "repo": "mach-nix",
        "rev": "0fb2c80ad2a74261315939849e1e8bf4278b7178",
        "type": "github"
      },
      "original": {
        "owner": "davhau",
        "repo": "mach-nix",
        "type": "github"
      }
    },
    "nix-flatpak": {
      "locked": {
        "lastModified": 1711997201,
        "narHash": "sha256-J71xzQlVYsjagA4AsVwRazhBh2rZrPpKvxTgs6UzL7c=",
        "owner": "gmodena",
        "repo": "nix-flatpak",
        "rev": "b76fa31346db7fc958a9898f3c594696ca71c4fd",
        "type": "github"
      },
      "original": {
        "owner": "gmodena",
        "ref": "v0.4.1",
        "repo": "nix-flatpak",
        "type": "github"
      }
    },
    "nixpkgs": {
      "locked": {
        "lastModified": 1643805626,
        "narHash": "sha256-AXLDVMG+UaAGsGSpOtQHPIKB+IZ0KSd9WS77aanGzgc=",
        "owner": "NixOS",
        "repo": "nixpkgs",
        "rev": "554d2d8aa25b6e583575459c297ec23750adb6cb",
        "type": "github"
      },
      "original": {
        "id": "nixpkgs",
        "ref": "nixos-unstable",
        "type": "indirect"
      }
    },
    "nixpkgs_2": {
      "locked": {
        "lastModified": 1715534503,
        "narHash": "sha256-5ZSVkFadZbFP1THataCaSf0JH2cAH3S29hU9rrxTEqk=",
        "owner": "nixos",
        "repo": "nixpkgs",
        "rev": "2057814051972fa1453ddfb0d98badbea9b83c06",
        "type": "github"
      },
      "original": {
        "owner": "nixos",
        "ref": "nixos-unstable",
        "repo": "nixpkgs",
        "type": "github"
      }
    },
    "pypi": {
      "flake": false,
      "locked": {
        "lastModified": 1694121156,
        "narHash": "sha256-Jr9rQJGORtTLUw83HaxRkyqJ9fyw8yLGvxcBkUVAE/Y=",
        "owner": "davhau",
        "repo": "pypi-deps-db",
        "rev": "570d3543eb53dad7d1eb0bb88ecbcf450bc69847",
        "type": "github"
      },
      "original": {
        "owner": "davhau",
        "repo": "pypi-deps-db",
        "type": "github"
      }
    },
    "root": {
      "inputs": {
        "firacode": "firacode",
        "home-manager": "home-manager",
        "iosevka": "iosevka",
        "nix-flatpak": "nix-flatpak",
        "nixpkgs": "nixpkgs_2"
      }
    },
    "sfnt2woff-zopfli-src": {
      "flake": false,
      "locked": {
        "lastModified": 1664356453,
        "narHash": "sha256-pi/rBf+pGNHoKxUqvIe0FsA7rZphTFl7c6uTZErkYcM=",
        "owner": "bramstein",
        "repo": "sfnt2woff-zopfli",
        "rev": "38adf26481a1db2a5b2afa185b92d938744466c2",
        "type": "github"
      },
      "original": {
        "owner": "bramstein",
        "repo": "sfnt2woff-zopfli",
        "type": "github"
      }
    }
  },
  "root": "root",
  "version": 7
}
